
Microsoft Visual Studio Solution File, Format Version 12.00
# Visual Studio Version 16
VisualStudioVersion = 16.0.31702.278
MinimumVisualStudioVersion = 10.0.40219.1
Project("{FAE04EC0-301F-11D3-BF4B-00C04F79EFBC}") = "ConsoleApp2", "ConsoleApp2\ConsoleApp2.csproj", "{3CC8BF0F-2BE5-4785-B864-C20BDAD12454}"
EndProject
Global
	GlobalSection(SolutionConfigurationPlatforms) = preSolution
		Debug|Any CPU = Debug|Any CPU
		Release|Any CPU = Release|Any CPU
	EndGlobalSection
	GlobalSection(ProjectConfigurationPlatforms) = postSolution
		{3CC8BF0F-2BE5-4785-B864-C20BDAD12454}.Debug|Any CPU.ActiveCfg = Debug|Any CPU
		{3CC8BF0F-2BE5-4785-B864-C20BDAD12454}.Debug|Any CPU.Build.0 = Debug|Any CPU
		{3CC8BF0F-2BE5-4785-B864-C20BDAD12454}.Release|Any CPU.ActiveCfg = Release|Any CPU
		{3CC8BF0F-2BE5-4785-B864-C20BDAD12454}.Release|Any CPU.Build.0 = Release|Any CPU
	EndGlobalSection
	GlobalSection(SolutionProperties) = preSolution
		HideSolutionNode = FALSE
	EndGlobalSection
	GlobalSection(ExtensibilityGlobals) = postSolution
		SolutionGuid = {8757B5B7-B79D-498A-91D4-FE4D79BF8226}
	EndGlobalSection
EndGlobal
